
Microsoft Visual Studio Solution File, Format Version 12.00
# Visual Studio Version 16
VisualStudioVersion = 16.0.30413.136
MinimumVisualStudioVersion = 10.0.40219.1
Project("{FAE04EC0-301F-11D3-BF4B-00C04F79EFBC}") = "DebitManageSystem", "DebitManageSystem\DebitManageSystem.csproj", "{3B13DA24-EE07-45AF-80F9-F33F96DF36DA}"
EndProject
Project("{FAE04EC0-301F-11D3-BF4B-00C04F79EFBC}") = "DataAccessPrj", "DataAccessPrj\DataAccessPrj.csproj", "{31609EF6-D3F4-47E5-A8C4-06FD90167176}"
EndProject
Global
	GlobalSection(SolutionConfigurationPlatforms) = preSolution
		Debug|Any CPU = Debug|Any CPU
		Release|Any CPU = Release|Any CPU
	EndGlobalSection
	GlobalSection(ProjectConfigurationPlatforms) = postSolution
		{3B13DA24-EE07-45AF-80F9-F33F96DF36DA}.Debug|Any CPU.ActiveCfg = Debug|Any CPU
		{3B13DA24-EE07-45AF-80F9-F33F96DF36DA}.Debug|Any CPU.Build.0 = Debug|Any CPU
		{3B13DA24-EE07-45AF-80F9-F33F96DF36DA}.Release|Any CPU.ActiveCfg = Release|Any CPU
		{3B13DA24-EE07-45AF-80F9-F33F96DF36DA}.Release|Any CPU.Build.0 = Release|Any CPU
		{31609EF6-D3F4-47E5-A8C4-06FD90167176}.Debug|Any CPU.ActiveCfg = Debug|Any CPU
		{31609EF6-D3F4-47E5-A8C4-06FD90167176}.Debug|Any CPU.Build.0 = Debug|Any CPU
		{31609EF6-D3F4-47E5-A8C4-06FD90167176}.Release|Any CPU.ActiveCfg = Release|Any CPU
		{31609EF6-D3F4-47E5-A8C4-06FD90167176}.Release|Any CPU.Build.0 = Release|Any CPU
	EndGlobalSection
	GlobalSection(SolutionProperties) = preSolution
		HideSolutionNode = FALSE
	EndGlobalSection
	GlobalSection(ExtensibilityGlobals) = postSolution
		SolutionGuid = {16B7AA11-A926-4F91-B70D-66F1970427AD}
	EndGlobalSection
EndGlobal
